
Microsoft Visual Studio Solution File, Format Version 12.00
# Visual Studio Version 17
VisualStudioVersion = 17.7.34024.191
MinimumVisualStudioVersion = 10.0.40219.1
Project("{FAE04EC0-301F-11D3-BF4B-00C04F79EFBC}") = "appharmony", "appharmony\appharmony.csproj", "{EC0C2043-A302-42BC-AFE9-C5AB71907092}"
EndProject
Global
	GlobalSection(SolutionConfigurationPlatforms) = preSolution
		Debug|Any CPU = Debug|Any CPU
		Release|Any CPU = Release|Any CPU
	EndGlobalSection
	GlobalSection(ProjectConfigurationPlatforms) = postSolution
		{EC0C2043-A302-42BC-AFE9-C5AB71907092}.Debug|Any CPU.ActiveCfg = Debug|Any CPU
		{EC0C2043-A302-42BC-AFE9-C5AB71907092}.Debug|Any CPU.Build.0 = Debug|Any CPU
		{EC0C2043-A302-42BC-AFE9-C5AB71907092}.Release|Any CPU.ActiveCfg = Release|Any CPU
		{EC0C2043-A302-42BC-AFE9-C5AB71907092}.Release|Any CPU.Build.0 = Release|Any CPU
	EndGlobalSection
	GlobalSection(SolutionProperties) = preSolution
		HideSolutionNode = FALSE
	EndGlobalSection
	GlobalSection(ExtensibilityGlobals) = postSolution
		SolutionGuid = {57D6FE4A-97F5-4740-9700-DB46B35246DD}
	EndGlobalSection
EndGlobal
